// !$*UTF8*$!
{
	archiveVersion = 1;
	classes = {
	};
	objectVersion = 56;
	objects = {

/* Begin PBXBuildFile section */
		28C8659A2A9782F2009A9818 /* MyResumeApp.swift in Sources */ = {isa = PBXBuildFile; fileRef = 28C865992A9782F2009A9818 /* MyResumeApp.swift */; };
		28C8659C2A9782F2009A9818 /* ContentView.swift in Sources */ = {isa = PBXBuildFile; fileRef = 28C8659B2A9782F2009A9818 /* ContentView.swift */; };
		28C8659E2A9782F4009A9818 /* Assets.xcassets in Resources */ = {isa = PBXBuildFile; fileRef = 28C8659D2A9782F4009A9818 /* Assets.xcassets */; };
		28C865A12A9782F4009A9818 /* Preview Assets.xcassets in Resources */ = {isa = PBXBuildFile; fileRef = 28C865A02A9782F4009A9818 /* Preview Assets.xcassets */; };
		28C865AB2A9782F4009A9818 /* MyResumeTests.swift in Sources */ = {isa = PBXBuildFile; fileRef = 28C865AA2A9782F4009A9818 /* MyResumeTests.swift */; };
		28C865B52A9782F4009A9818 /* MyResumeUITests.swift in Sources */ = {isa = PBXBuildFile; fileRef = 28C865B42A9782F4009A9818 /* MyResumeUITests.swift */; };
		28C865B72A9782F4009A9818 /* MyResumeUITestsLaunchTests.swift in Sources */ = {isa = PBXBuildFile; fileRef = 28C865B62A9782F4009A9818 /* MyResumeUITestsLaunchTests.swift */; };
		28C865C42A978696009A9818 /* Constant.swift in Sources */ = {isa = PBXBuildFile; fileRef = 28C865C32A978696009A9818 /* Constant.swift */; };
		28C865C62A98E1ED009A9818 /* DotLineshape.swift in Sources */ = {isa = PBXBuildFile; fileRef = 28C865C52A98E1ED009A9818 /* DotLineshape.swift */; };
		28C865C82A9B9B1E009A9818 /* ContactView.swift in Sources */ = {isa = PBXBuildFile; fileRef = 28C865C72A9B9B1E009A9818 /* ContactView.swift */; };
/* End PBXBuildFile section */

/* Begin PBXContainerItemProxy section */
		28C865A72A9782F4009A9818 /* PBXContainerItemProxy */ = {
			isa = PBXContainerItemProxy;
			containerPortal = 28C8658E2A9782F2009A9818 /* Project object */;
			proxyType = 1;
			remoteGlobalIDString = 28C865952A9782F2009A9818;
			remoteInfo = MyResume;
		};
		28C865B12A9782F4009A9818 /* PBXContainerItemProxy */ = {
			isa = PBXContainerItemProxy;
			containerPortal = 28C8658E2A9782F2009A9818 /* Project object */;
			proxyType = 1;
			remoteGlobalIDString = 28C865952A9782F2009A9818;
			remoteInfo = MyResume;
		};
/* End PBXContainerItemProxy section */

/* Begin PBXFileReference section */
		28C865962A9782F2009A9818 /* MyResume.app */ = {isa = PBXFileReference; explicitFileType = wrapper.application; includeInIndex = 0; path = MyResume.app; sourceTree = BUILT_PRODUCTS_DIR; };
		28C865992A9782F2009A9818 /* MyResumeApp.swift */ = {isa = PBXFileReference; lastKnownFileType = sourcecode.swift; path = MyResumeApp.swift; sourceTree = "<group>"; };
		28C8659B2A9782F2009A9818 /* ContentView.swift */ = {isa = PBXFileReference; lastKnownFileType = sourcecode.swift; path = ContentView.swift; sourceTree = "<group>"; };
		28C8659D2A9782F4009A9818 /* Assets.xcassets */ = {isa = PBXFileReference; lastKnownFileType = folder.assetcatalog; path = Assets.xcassets; sourceTree = "<group>"; };
		28C865A02A9782F4009A9818 /* Preview Assets.xcassets */ = {isa = PBXFileReference; lastKnownFileType = folder.assetcatalog; path = "Preview Assets.xcassets"; sourceTree = "<group>"; };
		28C865A62A9782F4009A9818 /* MyResumeTests.xctest */ = {isa = PBXFileReference; explicitFileType = wrapper.cfbundle; includeInIndex = 0; path = MyResumeTests.xctest; sourceTree = BUILT_PRODUCTS_DIR; };
		28C865AA2A9782F4009A9818 /* MyResumeTests.swift */ = {isa = PBXFileReference; lastKnownFileType = sourcecode.swift; path = MyResumeTests.swift; sourceTree = "<group>"; };
		28C865B02A9782F4009A9818 /* MyResumeUITests.xctest */ = {isa = PBXFileReference; explicitFileType = wrapper.cfbundle; includeInIndex = 0; path = MyResumeUITests.xctest; sourceTree = BUILT_PRODUCTS_DIR; };
		28C865B42A9782F4009A9818 /* MyResumeUITests.swift */ = {isa = PBXFileReference; lastKnownFileType = sourcecode.swift; path = MyResumeUITests.swift; sourceTree = "<group>"; };
		28C865B62A9782F4009A9818 /* MyResumeUITestsLaunchTests.swift */ = {isa = PBXFileReference; lastKnownFileType = sourcecode.swift; path = MyResumeUITestsLaunchTests.swift; sourceTree = "<group>"; };
		28C865C32A978696009A9818 /* Constant.swift */ = {isa = PBXFileReference; fileEncoding = 4; lastKnownFileType = sourcecode.swift; path = Constant.swift; sourceTree = "<group>"; };
		28C865C52A98E1ED009A9818 /* DotLineshape.swift */ = {isa = PBXFileReference; lastKnownFileType = sourcecode.swift; path = DotLineshape.swift; sourceTree = "<group>"; };
		28C865C72A9B9B1E009A9818 /* ContactView.swift */ = {isa = PBXFileReference; lastKnownFileType = sourcecode.swift; path = ContactView.swift; sourceTree = "<group>"; };
/* End PBXFileReference section */

/* Begin PBXFrameworksBuildPhase section */
		28C865932A9782F2009A9818 /* Frameworks */ = {
			isa = PBXFrameworksBuildPhase;
			buildActionMask = 2147483647;
			files = (
			);
			runOnlyForDeploymentPostprocessing = 0;
		};
		28C865A32A9782F4009A9818 /* Frameworks */ = {
			isa = PBXFrameworksBuildPhase;
			buildActionMask = 2147483647;
			files = (
			);
			runOnlyForDeploymentPostprocessing = 0;
		};
		28C865AD2A9782F4009A9818 /* Frameworks */ = {
			isa = PBXFrameworksBuildPhase;
			buildActionMask = 2147483647;
			files = (
			);
			runOnlyForDeploymentPostprocessing = 0;
		};
/* End PBXFrameworksBuildPhase section */

/* Begin PBXGroup section */
		28C8658D2A9782F2009A9818 = {
			isa = PBXGroup;
			children = (
				28C865982A9782F2009A9818 /* MyResume */,
				28C865A92A9782F4009A9818 /* MyResumeTests */,
				28C865B32A9782F4009A9818 /* MyResumeUITests */,
				28C865972A9782F2009A9818 /* Products */,
			);
			sourceTree = "<group>";
		};
		28C865972A9782F2009A9818 /* Products */ = {
			isa = PBXGroup;
			children = (
				28C865962A9782F2009A9818 /* MyResume.app */,
				28C865A62A9782F4009A9818 /* MyResumeTests.xctest */,
				28C865B02A9782F4009A9818 /* MyResumeUITests.xctest */,
			);
			name = Products;
			sourceTree = "<group>";
		};
		28C865982A9782F2009A9818 /* MyResume */ = {
			isa = PBXGroup;
			children = (
				28C865C32A978696009A9818 /* Constant.swift */,
				28C865992A9782F2009A9818 /* MyResumeApp.swift */,
				28C8659B2A9782F2009A9818 /* ContentView.swift */,
				28C8659D2A9782F4009A9818 /* Assets.xcassets */,
				28C8659F2A9782F4009A9818 /* Preview Content */,
				28C865C52A98E1ED009A9818 /* DotLineshape.swift */,
				28C865C72A9B9B1E009A9818 /* ContactView.swift */,
			);
			path = MyResume;
			sourceTree = "<group>";
		};
		28C8659F2A9782F4009A9818 /* Preview Content */ = {
			isa = PBXGroup;
			children = (
				28C865A02A9782F4009A9818 /* Preview Assets.xcassets */,
			);
			path = "Preview Content";
			sourceTree = "<group>";
		};
		28C865A92A9782F4009A9818 /* MyResumeTests */ = {
			isa = PBXGroup;
			children = (
				28C865AA2A9782F4009A9818 /* MyResumeTests.swift */,
			);
			path = MyResumeTests;
			sourceTree = "<group>";
		};
		28C865B32A9782F4009A9818 /* MyResumeUITests */ = {
			isa = PBXGroup;
			children = (
				28C865B42A9782F4009A9818 /* MyResumeUITests.swift */,
				28C865B62A9782F4009A9818 /* MyResumeUITestsLaunchTests.swift */,
			);
			path = MyResumeUITests;
			sourceTree = "<group>";
		};
/* End PBXGroup section */

/* Begin PBXNativeTarget section */
		28C865952A9782F2009A9818 /* MyResume */ = {
			isa = PBXNativeTarget;
			buildConfigurationList = 28C865BA2A9782F4009A9818 /* Build configuration list for PBXNativeTarget "MyResume" */;
			buildPhases = (
				28C865922A9782F2009A9818 /* Sources */,
				28C865932A9782F2009A9818 /* Frameworks */,
				28C865942A9782F2009A9818 /* Resources */,
			);
			buildRules = (
			);
			dependencies = (
			);
			name = MyResume;
			productName = MyResume;
			productReference = 28C865962A9782F2009A9818 /* MyResume.app */;
			productType = "com.apple.product-type.application";
		};
		28C865A52A9782F4009A9818 /* MyResumeTests */ = {
			isa = PBXNativeTarget;
			buildConfigurationList = 28C865BD2A9782F4009A9818 /* Build configuration list for PBXNativeTarget "MyResumeTests" */;
			buildPhases = (
				28C865A22A9782F4009A9818 /* Sources */,
				28C865A32A9782F4009A9818 /* Frameworks */,
				28C865A42A9782F4009A9818 /* Resources */,
			);
			buildRules = (
			);
			dependencies = (
				28C865A82A9782F4009A9818 /* PBXTargetDependency */,
			);
			name = MyResumeTests;
			productName = MyResumeTests;
			productReference = 28C865A62A9782F4009A9818 /* MyResumeTests.xctest */;
			productType = "com.apple.product-type.bundle.unit-test";
		};
		28C865AF2A9782F4009A9818 /* MyResumeUITests */ = {
			isa = PBXNativeTarget;
			buildConfigurationList = 28C865C02A9782F4009A9818 /* Build configuration list for PBXNativeTarget "MyResumeUITests" */;
			buildPhases = (
				28C865AC2A9782F4009A9818 /* Sources */,
				28C865AD2A9782F4009A9818 /* Frameworks */,
				28C865AE2A9782F4009A9818 /* Resources */,
			);
			buildRules = (
			);
			dependencies = (
				28C865B22A9782F4009A9818 /* PBXTargetDependency */,
			);
			name = MyResumeUITests;
			productName = MyResumeUITests;
			productReference = 28C865B02A9782F4009A9818 /* MyResumeUITests.xctest */;
			productType = "com.apple.product-type.bundle.ui-testing";
		};
/* End PBXNativeTarget section */

/* Begin PBXProject section */
		28C8658E2A9782F2009A9818 /* Project object */ = {
			isa = PBXProject;
			attributes = {
				BuildIndependentTargetsInParallel = 1;
				LastSwiftUpdateCheck = 1430;
				LastUpgradeCheck = 1430;
				TargetAttributes = {
					28C865952A9782F2009A9818 = {
						CreatedOnToolsVersion = 14.3.1;
					};
					28C865A52A9782F4009A9818 = {
						CreatedOnToolsVersion = 14.3.1;
						TestTargetID = 28C865952A9782F2009A9818;
					};
					28C865AF2A9782F4009A9818 = {
						CreatedOnToolsVersion = 14.3.1;
						TestTargetID = 28C865952A9782F2009A9818;
					};
				};
			};
			buildConfigurationList = 28C865912A9782F2009A9818 /* Build configuration list for PBXProject "MyResume" */;
			compatibilityVersion = "Xcode 14.0";
			developmentRegion = en;
			hasScannedForEncodings = 0;
			knownRegions = (
				en,
				Base,
			);
			mainGroup = 28C8658D2A9782F2009A9818;
			productRefGroup = 28C865972A9782F2009A9818 /* Products */;
			projectDirPath = "";
			projectRoot = "";
			targets = (
				28C865952A9782F2009A9818 /* MyResume */,
				28C865A52A9782F4009A9818 /* MyResumeTests */,
				28C865AF2A9782F4009A9818 /* MyResumeUITests */,
			);
		};
/* End PBXProject section */

/* Begin PBXResourcesBuildPhase section */
		28C865942A9782F2009A9818 /* Resources */ = {
			isa = PBXResourcesBuildPhase;
			buildActionMask = 2147483647;
			files = (
				28C865A12A9782F4009A9818 /* Preview Assets.xcassets in Resources */,
				28C8659E2A9782F4009A9818 /* Assets.xcassets in Resources */,
			);
			runOnlyForDeploymentPostprocessing = 0;
		};
		28C865A42A9782F4009A9818 /* Resources */ = {
			isa = PBXResourcesBuildPhase;
			buildActionMask = 2147483647;
			files = (
			);
			runOnlyForDeploymentPostprocessing = 0;
		};
		28C865AE2A9782F4009A9818 /* Resources */ = {
			isa = PBXResourcesBuildPhase;
			buildActionMask = 2147483647;
			files = (
			);
			runOnlyForDeploymentPostprocessing = 0;
		};
/* End PBXResourcesBuildPhase section */

/* Begin PBXSourcesBuildPhase section */
		28C865922A9782F2009A9818 /* Sources */ = {
			isa = PBXSourcesBuildPhase;
			buildActionMask = 2147483647;
			files = (
				28C8659C2A9782F2009A9818 /* ContentView.swift in Sources */,
				28C865C62A98E1ED009A9818 /* DotLineshape.swift in Sources */,
				28C8659A2A9782F2009A9818 /* MyResumeApp.swift in Sources */,
				28C865C82A9B9B1E009A9818 /* ContactView.swift in Sources */,
				28C865C42A978696009A9818 /* Constant.swift in Sources */,
			);
			runOnlyForDeploymentPostprocessing = 0;
		};
		28C865A22A9782F4009A9818 /* Sources */ = {
			isa = PBXSourcesBuildPhase;
			buildActionMask = 2147483647;
			files = (
				28C865AB2A9782F4009A9818 /* MyResumeTests.swift in Sources */,
			);
			runOnlyForDeploymentPostprocessing = 0;
		};
		28C865AC2A9782F4009A9818 /* Sources */ = {
			isa = PBXSourcesBuildPhase;
			buildActionMask = 2147483647;
			files = (
				28C865B72A9782F4009A9818 /* MyResumeUITestsLaunchTests.swift in Sources */,
				28C865B52A9782F4009A9818 /* MyResumeUITests.swift in Sources */,
			);
			runOnlyForDeploymentPostprocessing = 0;
		};
/* End PBXSourcesBuildPhase section */

/* Begin PBXTargetDependency section */
		28C865A82A9782F4009A9818 /* PBXTargetDependency */ = {
			isa = PBXTargetDependency;
			target = 28C865952A9782F2009A9818 /* MyResume */;
			targetProxy = 28C865A72A9782F4009A9818 /* PBXContainerItemProxy */;
		};
		28C865B22A9782F4009A9818 /* PBXTargetDependency */ = {
			isa = PBXTargetDependency;
			target = 28C865952A9782F2009A9818 /* MyResume */;
			targetProxy = 28C865B12A9782F4009A9818 /* PBXContainerItemProxy */;
		};
/* End PBXTargetDependency section */

/* Begin XCBuildConfiguration section */
		28C865B82A9782F4009A9818 /* Debug */ = {
			isa = XCBuildConfiguration;
			buildSettings = {
				ALWAYS_SEARCH_USER_PATHS = NO;
				CLANG_ANALYZER_NONNULL = YES;
				CLANG_ANALYZER_NUMBER_OBJECT_CONVERSION = YES_AGGRESSIVE;
				CLANG_CXX_LANGUAGE_STANDARD = "gnu++20";
				CLANG_ENABLE_MODULES = YES;
				CLANG_ENABLE_OBJC_ARC = YES;
				CLANG_ENABLE_OBJC_WEAK = YES;
				CLANG_WARN_BLOCK_CAPTURE_AUTORELEASING = YES;
				CLANG_WARN_BOOL_CONVERSION = YES;
				CLANG_WARN_COMMA = YES;
				CLANG_WARN_CONSTANT_CONVERSION = YES;
				CLANG_WARN_DEPRECATED_OBJC_IMPLEMENTATIONS = YES;
				CLANG_WARN_DIRECT_OBJC_ISA_USAGE = YES_ERROR;
				CLANG_WARN_DOCUMENTATION_COMMENTS = YES;
				CLANG_WARN_EMPTY_BODY = YES;
				CLANG_WARN_ENUM_CONVERSION = YES;
				CLANG_WARN_INFINITE_RECURSION = YES;
				CLANG_WARN_INT_CONVERSION = YES;
				CLANG_WARN_NON_LITERAL_NULL_CONVERSION = YES;
				CLANG_WARN_OBJC_IMPLICIT_RETAIN_SELF = YES;
				CLANG_WARN_OBJC_LITERAL_CONVERSION = YES;
				CLANG_WARN_OBJC_ROOT_CLASS = YES_ERROR;
				CLANG_WARN_QUOTED_INCLUDE_IN_FRAMEWORK_HEADER = YES;
				CLANG_WARN_RANGE_LOOP_ANALYSIS = YES;
				CLANG_WARN_STRICT_PROTOTYPES = YES;
				CLANG_WARN_SUSPICIOUS_MOVE = YES;
				CLANG_WARN_UNGUARDED_AVAILABILITY = YES_AGGRESSIVE;
				CLANG_WARN_UNREACHABLE_CODE = YES;
				CLANG_WARN__DUPLICATE_METHOD_MATCH = YES;
				COPY_PHASE_STRIP = NO;
				DEBUG_INFORMATION_FORMAT = dwarf;
				ENABLE_STRICT_OBJC_MSGSEND = YES;
				ENABLE_TESTABILITY = YES;
				GCC_C_LANGUAGE_STANDARD = gnu11;
				GCC_DYNAMIC_NO_PIC = NO;
				GCC_NO_COMMON_BLOCKS = YES;
				GCC_OPTIMIZATION_LEVEL = 0;
				GCC_PREPROCESSOR_DEFINITIONS = (
					"DEBUG=1",
					"$(inherited)",
				);
				GCC_WARN_64_TO_32_BIT_CONVERSION = YES;
				GCC_WARN_ABOUT_RETURN_TYPE = YES_ERROR;
				GCC_WARN_UNDECLARED_SELECTOR = YES;
				GCC_WARN_UNINITIALIZED_AUTOS = YES_AGGRESSIVE;
				GCC_WARN_UNUSED_FUNCTION = YES;
				GCC_WARN_UNUSED_VARIABLE = YES;
				IPHONEOS_DEPLOYMENT_TARGET = 16.4;
				MTL_ENABLE_DEBUG_INFO = INCLUDE_SOURCE;
				MTL_FAST_MATH = YES;
				ONLY_ACTIVE_ARCH = YES;
				SDKROOT = iphoneos;
				SWIFT_ACTIVE_COMPILATION_CONDITIONS = DEBUG;
				SWIFT_OPTIMIZATION_LEVEL = "-Onone";
			};
			name = Debug;
		};
		28C865B92A9782F4009A9818 /* Release */ = {
			isa = XCBuildConfiguration;
			buildSettings = {
				ALWAYS_SEARCH_USER_PATHS = NO;
				CLANG_ANALYZER_NONNULL = YES;
				CLANG_ANALYZER_NUMBER_OBJECT_CONVERSION = YES_AGGRESSIVE;
				CLANG_CXX_LANGUAGE_STANDARD = "gnu++20";
				CLANG_ENABLE_MODULES = YES;
				CLANG_ENABLE_OBJC_ARC = YES;
				CLANG_ENABLE_OBJC_WEAK = YES;
				CLANG_WARN_BLOCK_CAPTURE_AUTORELEASING = YES;
				CLANG_WARN_BOOL_CONVERSION = YES;
				CLANG_WARN_COMMA = YES;
				CLANG_WARN_CONSTANT_CONVERSION = YES;
				CLANG_WARN_DEPRECATED_OBJC_IMPLEMENTATIONS = YES;
				CLANG_WARN_DIRECT_OBJC_ISA_USAGE = YES_ERROR;
				CLANG_WARN_DOCUMENTATION_COMMENTS = YES;
				CLANG_WARN_EMPTY_BODY = YES;
				CLANG_WARN_ENUM_CONVERSION = YES;
				CLANG_WARN_INFINITE_RECURSION = YES;
				CLANG_WARN_INT_CONVERSION = YES;
				CLANG_WARN_NON_LITERAL_NULL_CONVERSION = YES;
				CLANG_WARN_OBJC_IMPLICIT_RETAIN_SELF = YES;
				CLANG_WARN_OBJC_LITERAL_CONVERSION = YES;
				CLANG_WARN_OBJC_ROOT_CLASS = YES_ERROR;
				CLANG_WARN_QUOTED_INCLUDE_IN_FRAMEWORK_HEADER = YES;
				CLANG_WARN_RANGE_LOOP_ANALYSIS = YES;
				CLANG_WARN_STRICT_PROTOTYPES = YES;
				CLANG_WARN_SUSPICIOUS_MOVE = YES;
				CLANG_WARN_UNGUARDED_AVAILABILITY = YES_AGGRESSIVE;
				CLANG_WARN_UNREACHABLE_CODE = YES;
				CLANG_WARN__DUPLICATE_METHOD_MATCH = YES;
				COPY_PHASE_STRIP = NO;
				DEBUG_INFORMATION_FORMAT = "dwarf-with-dsym";
				ENABLE_NS_ASSERTIONS = NO;
				ENABLE_STRICT_OBJC_MSGSEND = YES;
				GCC_C_LANGUAGE_STANDARD = gnu11;
				GCC_NO_COMMON_BLOCKS = YES;
				GCC_WARN_64_TO_32_BIT_CONVERSION = YES;
				GCC_WARN_ABOUT_RETURN_TYPE = YES_ERROR;
				GCC_WARN_UNDECLARED_SELECTOR = YES;
				GCC_WARN_UNINITIALIZED_AUTOS = YES_AGGRESSIVE;
				GCC_WARN_UNUSED_FUNCTION = YES;
				GCC_WARN_UNUSED_VARIABLE = YES;
				IPHONEOS_DEPLOYMENT_TARGET = 16.4;
				MTL_ENABLE_DEBUG_INFO = NO;
				MTL_FAST_MATH = YES;
				SDKROOT = iphoneos;
				SWIFT_COMPILATION_MODE = wholemodule;
				SWIFT_OPTIMIZATION_LEVEL = "-O";
				VALIDATE_PRODUCT = YES;
			};
			name = Release;
		};
		28C865BB2A9782F4009A9818 /* Debug */ = {
			isa = XCBuildConfiguration;
			buildSettings = {
				ASSETCATALOG_COMPILER_APPICON_NAME = AppIcon;
				ASSETCATALOG_COMPILER_GLOBAL_ACCENT_COLOR_NAME = AccentColor;
				CODE_SIGN_STYLE = Automatic;
				CURRENT_PROJECT_VERSION = 1;
				DEVELOPMENT_ASSET_PATHS = "\"MyResume/Preview Content\"";
				ENABLE_PREVIEWS = YES;
				GENERATE_INFOPLIST_FILE = YES;
				INFOPLIST_KEY_UIApplicationSceneManifest_Generation = YES;
				INFOPLIST_KEY_UIApplicationSupportsIndirectInputEvents = YES;
				INFOPLIST_KEY_UILaunchScreen_Generation = YES;
				INFOPLIST_KEY_UISupportedInterfaceOrientations_iPad = "UIInterfaceOrientationPortrait UIInterfaceOrientationPortraitUpsideDown UIInterfaceOrientationLandscapeLeft UIInterfaceOrientationLandscapeRight";
				INFOPLIST_KEY_UISupportedInterfaceOrientations_iPhone = "UIInterfaceOrientationPortrait UIInterfaceOrientationLandscapeLeft UIInterfaceOrientationLandscapeRight";
				LD_RUNPATH_SEARCH_PATHS = (
					"$(inherited)",
					"@executable_path/Frameworks",
				);
				MARKETING_VERSION = 1.0;
				PRODUCT_BUNDLE_IDENTIFIER = "Bobby-Hsu.MyResume";
				PRODUCT_NAME = "$(TARGET_NAME)";
				SWIFT_EMIT_LOC_STRINGS = YES;
				SWIFT_VERSION = 5.0;
				TARGETED_DEVICE_FAMILY = "1,2";
			};
			name = Debug;
		};
		28C865BC2A9782F4009A9818 /* Release */ = {
			isa = XCBuildConfiguration;
			buildSettings = {
				ASSETCATALOG_COMPILER_APPICON_NAME = AppIcon;
				ASSETCATALOG_COMPILER_GLOBAL_ACCENT_COLOR_NAME = AccentColor;
				CODE_SIGN_STYLE = Automatic;
				CURRENT_PROJECT_VERSION = 1;
				DEVELOPMENT_ASSET_PATHS = "\"MyResume/Preview Content\"";
				ENABLE_PREVIEWS = YES;
				GENERATE_INFOPLIST_FILE = YES;
				INFOPLIST_KEY_UIApplicationSceneManifest_Generation = YES;
				INFOPLIST_KEY_UIApplicationSupportsIndirectInputEvents = YES;
				INFOPLIST_KEY_UILaunchScreen_Generation = YES;
				INFOPLIST_KEY_UISupportedInterfaceOrientations_iPad = "UIInterfaceOrientationPortrait UIInterfaceOrientationPortraitUpsideDown UIInterfaceOrientationLandscapeLeft UIInterfaceOrientationLandscapeRight";
				INFOPLIST_KEY_UISupportedInterfaceOrientations_iPhone = "UIInterfaceOrientationPortrait UIInterfaceOrientationLandscapeLeft UIInterfaceOrientationLandscapeRight";
				LD_RUNPATH_SEARCH_PATHS = (
					"$(inherited)",
					"@executable_path/Frameworks",
				);
				MARKETING_VERSION = 1.0;
				PRODUCT_BUNDLE_IDENTIFIER = "Bobby-Hsu.MyResume";
				PRODUCT_NAME = "$(TARGET_NAME)";
				SWIFT_EMIT_LOC_STRINGS = YES;
				SWIFT_VERSION = 5.0;
				TARGETED_DEVICE_FAMILY = "1,2";
			};
			name = Release;
		};
		28C865BE2A9782F4009A9818 /* Debug */ = {
			isa = XCBuildConfiguration;
			buildSettings = {
				ALWAYS_EMBED_SWIFT_STANDARD_LIBRARIES = YES;
				BUNDLE_LOADER = "$(TEST_HOST)";
				CODE_SIGN_STYLE = Automatic;
				CURRENT_PROJECT_VERSION = 1;
				GENERATE_INFOPLIST_FILE = YES;
				IPHONEOS_DEPLOYMENT_TARGET = 16.4;
				MARKETING_VERSION = 1.0;
				PRODUCT_BUNDLE_IDENTIFIER = "Bobby-Hsu.MyResumeTests";
				PRODUCT_NAME = "$(TARGET_NAME)";
				SWIFT_EMIT_LOC_STRINGS = NO;
				SWIFT_VERSION = 5.0;
				TARGETED_DEVICE_FAMILY = "1,2";
				TEST_HOST = "$(BUILT_PRODUCTS_DIR)/MyResume.app/$(BUNDLE_EXECUTABLE_FOLDER_PATH)/MyResume";
			};
			name = Debug;
		};
		28C865BF2A9782F4009A9818 /* Release */ = {
			isa = XCBuildConfiguration;
			buildSettings = {
				ALWAYS_EMBED_SWIFT_STANDARD_LIBRARIES = YES;
				BUNDLE_LOADER = "$(TEST_HOST)";
				CODE_SIGN_STYLE = Automatic;
				CURRENT_PROJECT_VERSION = 1;
				GENERATE_INFOPLIST_FILE = YES;
				IPHONEOS_DEPLOYMENT_TARGET = 16.4;
				MARKETING_VERSION = 1.0;
				PRODUCT_BUNDLE_IDENTIFIER = "Bobby-Hsu.MyResumeTests";
				PRODUCT_NAME = "$(TARGET_NAME)";
				SWIFT_EMIT_LOC_STRINGS = NO;
				SWIFT_VERSION = 5.0;
				TARGETED_DEVICE_FAMILY = "1,2";
				TEST_HOST = "$(BUILT_PRODUCTS_DIR)/MyResume.app/$(BUNDLE_EXECUTABLE_FOLDER_PATH)/MyResume";
			};
			name = Release;
		};
		28C865C12A9782F4009A9818 /* Debug */ = {
			isa = XCBuildConfiguration;
			buildSettings = {
				ALWAYS_EMBED_SWIFT_STANDARD_LIBRARIES = YES;
				CODE_SIGN_STYLE = Automatic;
				CURRENT_PROJECT_VERSION = 1;
				GENERATE_INFOPLIST_FILE = YES;
				MARKETING_VERSION = 1.0;
				PRODUCT_BUNDLE_IDENTIFIER = "Bobby-Hsu.MyResumeUITests";
				PRODUCT_NAME = "$(TARGET_NAME)";
				SWIFT_EMIT_LOC_STRINGS = NO;
				SWIFT_VERSION = 5.0;
				TARGETED_DEVICE_FAMILY = "1,2";
				TEST_TARGET_NAME = MyResume;
			};
			name = Debug;
		};
		28C865C22A9782F4009A9818 /* Release */ = {
			isa = XCBuildConfiguration;
			buildSettings = {
				ALWAYS_EMBED_SWIFT_STANDARD_LIBRARIES = YES;
				CODE_SIGN_STYLE = Automatic;
				CURRENT_PROJECT_VERSION = 1;
				GENERATE_INFOPLIST_FILE = YES;
				MARKETING_VERSION = 1.0;
				PRODUCT_BUNDLE_IDENTIFIER = "Bobby-Hsu.MyResumeUITests";
				PRODUCT_NAME = "$(TARGET_NAME)";
				SWIFT_EMIT_LOC_STRINGS = NO;
				SWIFT_VERSION = 5.0;
				TARGETED_DEVICE_FAMILY = "1,2";
				TEST_TARGET_NAME = MyResume;
			};
			name = Release;
		};
/* End XCBuildConfiguration section */

/* Begin XCConfigurationList section */
		28C865912A9782F2009A9818 /* Build configuration list for PBXProject "MyResume" */ = {
			isa = XCConfigurationList;
			buildConfigurations = (
				28C865B82A9782F4009A9818 /* Debug */,
				28C865B92A9782F4009A9818 /* Release */,
			);
			defaultConfigurationIsVisible = 0;
			defaultConfigurationName = Release;
		};
		28C865BA2A9782F4009A9818 /* Build configuration list for PBXNativeTarget "MyResume" */ = {
			isa = XCConfigurationList;
			buildConfigurations = (
				28C865BB2A9782F4009A9818 /* Debug */,
				28C865BC2A9782F4009A9818 /* Release */,
			);
			defaultConfigurationIsVisible = 0;
			defaultConfigurationName = Release;
		};
		28C865BD2A9782F4009A9818 /* Build configuration list for PBXNativeTarget "MyResumeTests" */ = {
			isa = XCConfigurationList;
			buildConfigurations = (
				28C865BE2A9782F4009A9818 /* Debug */,
				28C865BF2A9782F4009A9818 /* Release */,
			);
			defaultConfigurationIsVisible = 0;
			defaultConfigurationName = Release;
		};
		28C865C02A9782F4009A9818 /* Build configuration list for PBXNativeTarget "MyResumeUITests" */ = {
			isa = XCConfigurationList;
			buildConfigurations = (
				28C865C12A9782F4009A9818 /* Debug */,
				28C865C22A9782F4009A9818 /* Release */,
			);
			defaultConfigurationIsVisible = 0;
			defaultConfigurationName = Release;
		};
/* End XCConfigurationList section */
	};
	rootObject = 28C8658E2A9782F2009A9818 /* Project object */;
}
